---
- name: step 6 - create block to append file
  hosts: all
  remote_user: devops

  tasks:
    - name: Create a block using 'blockinfile' module
      ansible.builtin.blockinfile:
        path: /home/devops/users.txt
        block: |
          This block of text consists of two lines.
          They have been added by the blockinfile Module.
        state: present
